# Generated by move; do not edit
# This file should be checked in.

[move]
version = 4

[pinned.testnet.MoveStdlib]
source = { git = "https://github.com/MystenLabs/sui.git", subdir = "crates/sui-framework/packages/move-stdlib", rev = "06734f6ff0af45d8632a14a4dc4b100197f6b1a2" }
use_environment = "testnet"
manifest_digest = "C4FE4C91DE74CBF223B2E380AE40F592177D21870DC2D7EB6227D2D694E05363"
deps = {}

[pinned.testnet.Sui]
source = { git = "https://github.com/MystenLabs/sui.git", subdir = "crates/sui-framework/packages/sui-framework", rev = "06734f6ff0af45d8632a14a4dc4b100197f6b1a2" }
use_environment = "testnet"
manifest_digest = "7AFB66695545775FBFBB2D3078ADFD084244D5002392E837FDE21D9EA1C6D01C"
deps = { MoveStdlib = "MoveStdlib" }

[pinned.testnet.bps]
source = { git = "https://github.com/unconfirmedlabs/bps.git", subdir = ".", rev = "26fa571e3d8fc79125e6a50f5b735c939a5251f6" }
use_environment = "testnet"
manifest_digest = "5745706258F61D6CE210904B3E6AE87A73CE9D31A6F93BE4718C442529332A87"
deps = { std = "MoveStdlib", sui = "Sui" }

[pinned.testnet.miso]
source = { local = "../../../misonetwork/protocol" }
use_environment = "testnet"
manifest_digest = "3F0CB25452BD63CC1ADF779B9DAF1C798436AAE8D1FF7C5A2D96D618737E90F5"
deps = { bps = "bps", miso_share = "miso_share", std = "MoveStdlib", sui = "Sui" }

[pinned.testnet.miso_party]
source = { local = "../../../misonetwork/party" }
use_environment = "testnet"
manifest_digest = "5745706258F61D6CE210904B3E6AE87A73CE9D31A6F93BE4718C442529332A87"
deps = { std = "MoveStdlib", sui = "Sui" }

[pinned.testnet.miso_pressing]
source = { local = "../../pressing/move" }
use_environment = "testnet"
manifest_digest = "BCBCB85A0217614AA0D25DD3396FBC3602525F846443E413174592494306CBC2"
deps = { miso = "miso", miso_record = "miso_record", std = "MoveStdlib", sui = "Sui" }

[pinned.testnet.miso_record]
source = { local = "../../record/move" }
use_environment = "testnet"
manifest_digest = "5745706258F61D6CE210904B3E6AE87A73CE9D31A6F93BE4718C442529332A87"
deps = { std = "MoveStdlib", sui = "Sui" }

[pinned.testnet.miso_share]
source = { local = "../../../misonetwork/share" }
use_environment = "testnet"
manifest_digest = "5745706258F61D6CE210904B3E6AE87A73CE9D31A6F93BE4718C442529332A87"
deps = { std = "MoveStdlib", sui = "Sui" }

[pinned.testnet.party_featured_pressing]
source = { root = true }
use_environment = "testnet"
manifest_digest = "6BDD9BC4088844503685DB4714E20D6F015F95A3A6EFA5CA8B0DB160A1DEFCA4"
deps = { miso_party = "miso_party", miso_pressing = "miso_pressing", std = "MoveStdlib", sui = "Sui" }
