# Generated by move; do not edit
# This file should be checked in.

[move]
version = 4

[pinned.testnet.MoveStdlib]
source = { git = "https://github.com/MystenLabs/sui.git", subdir = "crates/sui-framework/packages/move-stdlib", rev = "b124567746b3a78a7e294ac2de265f693401ec9d" }
use_environment = "testnet"
manifest_digest = "C4FE4C91DE74CBF223B2E380AE40F592177D21870DC2D7EB6227D2D694E05363"
deps = {}

[pinned.testnet.Sui]
source = { git = "https://github.com/MystenLabs/sui.git", subdir = "crates/sui-framework/packages/sui-framework", rev = "b124567746b3a78a7e294ac2de265f693401ec9d" }
use_environment = "testnet"
manifest_digest = "7AFB66695545775FBFBB2D3078ADFD084244D5002392E837FDE21D9EA1C6D01C"
deps = { MoveStdlib = "MoveStdlib" }

[pinned.testnet.country_code]
source = { git = "https://github.com/unconfirmedlabs/country_code.git", subdir = ".", rev = "23fad25f08d871d05b55aee390516ba7e5931b4a" }
use_environment = "testnet"
manifest_digest = "5745706258F61D6CE210904B3E6AE87A73CE9D31A6F93BE4718C442529332A87"
deps = { std = "MoveStdlib", sui = "Sui" }

[pinned.testnet.language_code]
source = { git = "https://github.com/unconfirmedlabs/language_code.git", subdir = ".", rev = "17a5e84ac77cf3be6f8a72eddb3c0570c455c37f" }
use_environment = "testnet"
manifest_digest = "5745706258F61D6CE210904B3E6AE87A73CE9D31A6F93BE4718C442529332A87"
deps = { std = "MoveStdlib", sui = "Sui" }

[pinned.testnet.miso_party]
source = { git = "https://github.com/misonetwork/miso-party.git", subdir = ".", rev = "9a947bbf7ecfe7537503882c3ac241ded9f84195" }
use_environment = "testnet"
manifest_digest = "5745706258F61D6CE210904B3E6AE87A73CE9D31A6F93BE4718C442529332A87"
deps = { std = "MoveStdlib", sui = "Sui" }

[pinned.testnet.party_profile]
source = { root = true }
use_environment = "testnet"
manifest_digest = "1A2F1F4513C130AD674BFF3B7F61F1047798A6E934700F85C881A7BBC31E9EBB"
deps = { country_code = "country_code", language_code = "language_code", miso_party = "miso_party", std = "MoveStdlib", sui = "Sui" }
